{
  "name": "stochastic_model",
  "version": "1.0.0",
  "lockfileVersion": 3,
  "requires": true,
  "packages": {
    "": {
      "name": "stochastic_model",
      "version": "1.0.0",
      "license": "ISC",
      "dependencies": {
        "chart.js": "^3.7.1",
        "simple-statistics": "^7.8.7"
      }
    },
    "node_modules/chart.js": {
      "version": "3.9.1",
      "resolved": "https://registry.npmjs.org/chart.js/-/chart.js-3.9.1.tgz",
      "integrity": "sha512-Ro2JbLmvg83gXF5F4sniaQ+lTbSv18E+TIf2cOeiH1Iqd2PGFOtem+DUufMZsCJwFE7ywPOpfXFBwRTGq7dh6w==",
      "license": "MIT"
    },
    "node_modules/simple-statistics": {
      "version": "7.8.7",
      "resolved": "https://registry.npmjs.org/simple-statistics/-/simple-statistics-7.8.7.tgz",
      "integrity": "sha512-ed5FwTNYvkMTfbCai1U+r3symP+lIPKWCqKdudpN4NFNMn9RtDlFtSyAQhCp4oPH0YBjWu/qnW+5q5ZkPB3uHQ==",
      "license": "ISC",
      "engines": {
        "node": "*"
      }
    }
  }
}
