{
  "name": "stochastic_model",
  "version": "1.0.0",
  "lockfileVersion": 3,
  "requires": true,
  "packages": {
    "": {
      "name": "stochastic_model",
      "version": "1.0.0",
      "license": "ISC",
      "dependencies": {
        "simple-statistics": "^7.8.7"
      }
    },
    "node_modules/simple-statistics": {
      "version": "7.8.7",
      "resolved": "https://registry.npmjs.org/simple-statistics/-/simple-statistics-7.8.7.tgz",
      "integrity": "sha512-ed5FwTNYvkMTfbCai1U+r3symP+lIPKWCqKdudpN4NFNMn9RtDlFtSyAQhCp4oPH0YBjWu/qnW+5q5ZkPB3uHQ==",
      "license": "ISC",
      "engines": {
        "node": "*"
      }
    }
  }
}
